
Microsoft Visual Studio Solution File, Format Version 12.00
# Visual Studio Version 17
VisualStudioVersion = 17.6.33829.357
MinimumVisualStudioVersion = 10.0.40219.1
Project("{FAE04EC0-301F-11D3-BF4B-00C04F79EFBC}") = "WindowsFormsApp1", "WindowsFormsApp1\WindowsFormsApp1.csproj", "{2888CE91-0D15-4A21-AA8F-9C2787EAD79B}"
EndProject
Global
	GlobalSection(SolutionConfigurationPlatforms) = preSolution
		Debug|Any CPU = Debug|Any CPU
		Release|Any CPU = Release|Any CPU
	EndGlobalSection
	GlobalSection(ProjectConfigurationPlatforms) = postSolution
		{2888CE91-0D15-4A21-AA8F-9C2787EAD79B}.Debug|Any CPU.ActiveCfg = Debug|Any CPU
		{2888CE91-0D15-4A21-AA8F-9C2787EAD79B}.Debug|Any CPU.Build.0 = Debug|Any CPU
		{2888CE91-0D15-4A21-AA8F-9C2787EAD79B}.Release|Any CPU.ActiveCfg = Release|Any CPU
		{2888CE91-0D15-4A21-AA8F-9C2787EAD79B}.Release|Any CPU.Build.0 = Release|Any CPU
	EndGlobalSection
	GlobalSection(SolutionProperties) = preSolution
		HideSolutionNode = FALSE
	EndGlobalSection
	GlobalSection(ExtensibilityGlobals) = postSolution
		SolutionGuid = {4321560F-AA35-4816-B5D5-33D2A8EC38ED}
	EndGlobalSection
EndGlobal
